
Microsoft Visual Studio Solution File, Format Version 12.00
# Visual Studio 15
VisualStudioVersion = 15.0.26730.15
MinimumVisualStudioVersion = 10.0.40219.1
Project("{9A19103F-16F7-4668-BE54-9A1E7A4F7556}") = "TOKS.SerialPortCommunicator", "TOKS.SerialPortCommunicator\TOKS.SerialPortCommunicator.csproj", "{FD93515F-FECA-4BFE-AC5F-276233E26E76}"
EndProject
Project("{FAE04EC0-301F-11D3-BF4B-00C04F79EFBC}") = "TOKS.UI", "TOKS.UI\TOKS.UI.csproj", "{A70F5D65-A132-474B-92D8-95981FB4FBA6}"
EndProject
Project("{FAE04EC0-301F-11D3-BF4B-00C04F79EFBC}") = "TOKS.UnitTests", "TOKS.UnitTests\TOKS.UnitTests.csproj", "{D78F9107-43D0-406D-A279-5188CBDA8539}"
EndProject
Global
	GlobalSection(SolutionConfigurationPlatforms) = preSolution
		Debug|Any CPU = Debug|Any CPU
		Release|Any CPU = Release|Any CPU
	EndGlobalSection
	GlobalSection(ProjectConfigurationPlatforms) = postSolution
		{FD93515F-FECA-4BFE-AC5F-276233E26E76}.Debug|Any CPU.ActiveCfg = Debug|Any CPU
		{FD93515F-FECA-4BFE-AC5F-276233E26E76}.Debug|Any CPU.Build.0 = Debug|Any CPU
		{FD93515F-FECA-4BFE-AC5F-276233E26E76}.Release|Any CPU.ActiveCfg = Release|Any CPU
		{FD93515F-FECA-4BFE-AC5F-276233E26E76}.Release|Any CPU.Build.0 = Release|Any CPU
		{A70F5D65-A132-474B-92D8-95981FB4FBA6}.Debug|Any CPU.ActiveCfg = Debug|Any CPU
		{A70F5D65-A132-474B-92D8-95981FB4FBA6}.Debug|Any CPU.Build.0 = Debug|Any CPU
		{A70F5D65-A132-474B-92D8-95981FB4FBA6}.Release|Any CPU.ActiveCfg = Release|Any CPU
		{A70F5D65-A132-474B-92D8-95981FB4FBA6}.Release|Any CPU.Build.0 = Release|Any CPU
		{D78F9107-43D0-406D-A279-5188CBDA8539}.Debug|Any CPU.ActiveCfg = Debug|Any CPU
		{D78F9107-43D0-406D-A279-5188CBDA8539}.Debug|Any CPU.Build.0 = Debug|Any CPU
		{D78F9107-43D0-406D-A279-5188CBDA8539}.Release|Any CPU.ActiveCfg = Release|Any CPU
		{D78F9107-43D0-406D-A279-5188CBDA8539}.Release|Any CPU.Build.0 = Release|Any CPU
	EndGlobalSection
	GlobalSection(SolutionProperties) = preSolution
		HideSolutionNode = FALSE
	EndGlobalSection
	GlobalSection(ExtensibilityGlobals) = postSolution
		SolutionGuid = {004ACC9B-C9EC-4EFB-B849-80AFF210AA11}
	EndGlobalSection
EndGlobal
